
Microsoft Visual Studio Solution File, Format Version 12.00
# Visual Studio Version 16
VisualStudioVersion = 16.0.30320.27
MinimumVisualStudioVersion = 10.0.40219.1
Project("{FAE04EC0-301F-11D3-BF4B-00C04F79EFBC}") = "SEMineSweeper", "SEMineSweeper\SEMineSweeper.csproj", "{1A9BEE70-3DCB-4453-AB9E-4FB4DB674AB0}"
EndProject
Project("{FAE04EC0-301F-11D3-BF4B-00C04F79EFBC}") = "SEMineSweeper.Tests", "SEMineSweeper.Tests\SEMineSweeper.Tests.csproj", "{C66BC5F8-8883-4C84-9107-DF511148AD44}"
EndProject
Global
	GlobalSection(SolutionConfigurationPlatforms) = preSolution
		Debug|Any CPU = Debug|Any CPU
		Release|Any CPU = Release|Any CPU
	EndGlobalSection
	GlobalSection(ProjectConfigurationPlatforms) = postSolution
		{1A9BEE70-3DCB-4453-AB9E-4FB4DB674AB0}.Debug|Any CPU.ActiveCfg = Debug|Any CPU
		{1A9BEE70-3DCB-4453-AB9E-4FB4DB674AB0}.Debug|Any CPU.Build.0 = Debug|Any CPU
		{1A9BEE70-3DCB-4453-AB9E-4FB4DB674AB0}.Release|Any CPU.ActiveCfg = Release|Any CPU
		{1A9BEE70-3DCB-4453-AB9E-4FB4DB674AB0}.Release|Any CPU.Build.0 = Release|Any CPU
		{C66BC5F8-8883-4C84-9107-DF511148AD44}.Debug|Any CPU.ActiveCfg = Debug|Any CPU
		{C66BC5F8-8883-4C84-9107-DF511148AD44}.Debug|Any CPU.Build.0 = Debug|Any CPU
		{C66BC5F8-8883-4C84-9107-DF511148AD44}.Release|Any CPU.ActiveCfg = Release|Any CPU
		{C66BC5F8-8883-4C84-9107-DF511148AD44}.Release|Any CPU.Build.0 = Release|Any CPU
	EndGlobalSection
	GlobalSection(SolutionProperties) = preSolution
		HideSolutionNode = FALSE
	EndGlobalSection
	GlobalSection(ExtensibilityGlobals) = postSolution
		SolutionGuid = {11A7B937-CC38-4100-B319-17132F78B9AE}
	EndGlobalSection
EndGlobal
